# THIS IS AN AUTOGENERATED FILE. DO NOT EDIT THIS FILE DIRECTLY.
# yarn lockfile v1


"d3-array@2 - 3", "d3-array@2.10.0 - 3", d3-array@^3.2.0:
  version "3.2.4"
  resolved "https://registry.yarnpkg.com/d3-array/-/d3-array-3.2.4.tgz#15fec33b237f97ac5d7c986dc77da273a8ed0bb5"
  integrity sha512-tdQAmyA18i4J7wprpYq8ClcxZy3SC31QMeByyCFyRt7BVHdREQZ5lpzoe5mFEYZUWe+oq8HBvk9JjpibyEV4Jg==
  dependencies:
    internmap "1 - 2"

d3-collection@^1.0.7:
  version "1.0.7"
  resolved "https://registry.yarnpkg.com/d3-collection/-/d3-collection-1.0.7.tgz#349bd2aa9977db071091c13144d5e4f16b5b310e"
  integrity sha512-ii0/r5f4sjKNTfh84Di+DpztYwqKhEyUlKoPrzUFfeSkWxjW49xU2QzO9qrPrNkpdI0XJkfzvmTu8V2Zylln6A==

"d3-color@1 - 3":
  version "3.1.0"
  resolved "https://registry.yarnpkg.com/d3-color/-/d3-color-3.1.0.tgz#395b2833dfac71507f12ac2f7af23bf819de24e2"
  integrity sha512-zg/chbXyeBtMQ1LbD/WSoW2DpC3I0mpmPdW+ynRTj/x2DAWYrIY7qeZIHidozwV24m4iavr15lNwIwLxRmOxhA==

"d3-format@1 - 3":
  version "3.1.0"
  resolved "https://registry.yarnpkg.com/d3-format/-/d3-format-3.1.0.tgz#9260e23a28ea5cb109e93b21a06e24e2ebd55641"
  integrity sha512-YyUI6AEuY/Wpt8KWLgZHsIU86atmikuoOmCfommt0LYHiQSPjvX2AcFc38PX0CBpr2RCyZhjex+NS/LPOv6YqA==

"d3-interpolate@1.2.0 - 3":
  version "3.0.1"
  resolved "https://registry.yarnpkg.com/d3-interpolate/-/d3-interpolate-3.0.1.tgz#3c47aa5b32c5b3dfb56ef3fd4342078a632b400d"
  integrity sha512-3bYs1rOD33uo8aqJfKP3JWPAibgw8Zm2+L9vBKEHJ2Rg+viTR7o5Mmv5mZcieN+FRYaAOWX5SJATX6k1PWz72g==
  dependencies:
    d3-color "1 - 3"

d3-milestones@^1.4.7:
  version "1.4.7"
  resolved "https://registry.yarnpkg.com/d3-milestones/-/d3-milestones-1.4.7.tgz#a41bd50515b9b0ab6c926640e05d0a7d7efc85bc"
  integrity sha512-EKq0TqWIx09CaiNm/LQl2fUR5hifGeKkZYhiykB6u6Z8vuRcQcJUiOZntDWEc48pZBh4uL2chaiYrbJPD5CK6g==
  dependencies:
    d3-array "^3.2.0"
    d3-collection "^1.0.7"
    d3-scale "^4.0.2"
    d3-selection "^3.0.0"
    d3-time-format "^4.1.0"

d3-scale@^4.0.2:
  version "4.0.2"
  resolved "https://registry.yarnpkg.com/d3-scale/-/d3-scale-4.0.2.tgz#82b38e8e8ff7080764f8dcec77bd4be393689396"
  integrity sha512-GZW464g1SH7ag3Y7hXjf8RoUuAFIqklOAq3MRl4OaWabTFJY9PN/E1YklhXLh+OQ3fM9yS2nOkCoS+WLZ6kvxQ==
  dependencies:
    d3-array "2.10.0 - 3"
    d3-format "1 - 3"
    d3-interpolate "1.2.0 - 3"
    d3-time "2.1.1 - 3"
    d3-time-format "2 - 4"

d3-selection@^3.0.0:
  version "3.0.0"
  resolved "https://registry.yarnpkg.com/d3-selection/-/d3-selection-3.0.0.tgz#c25338207efa72cc5b9bd1458a1a41901f1e1b31"
  integrity sha512-fmTRWbNMmsmWq6xJV8D19U/gw/bwrHfNXxrIN+HfZgnzqTHp9jOmKMhsTUjXOJnZOdZY9Q28y4yebKzqDKlxlQ==

"d3-time-format@2 - 4", d3-time-format@^4.1.0:
  version "4.1.0"
  resolved "https://registry.yarnpkg.com/d3-time-format/-/d3-time-format-4.1.0.tgz#7ab5257a5041d11ecb4fe70a5c7d16a195bb408a"
  integrity sha512-dJxPBlzC7NugB2PDLwo9Q8JiTR3M3e4/XANkreKSUxF8vvXKqm1Yfq4Q5dl8budlunRVlUUaDUgFt7eA8D6NLg==
  dependencies:
    d3-time "1 - 3"

"d3-time@1 - 3", "d3-time@2.1.1 - 3":
  version "3.1.0"
  resolved "https://registry.yarnpkg.com/d3-time/-/d3-time-3.1.0.tgz#9310db56e992e3c0175e1ef385e545e48a9bb5c7"
  integrity sha512-VqKjzBLejbSMT4IgbmVgDjpkYrNWUYJnbCGo874u7MMKIWsILRX+OpX/gTk8MqjpT1A/c6HY2dCA77ZN0lkQ2Q==
  dependencies:
    d3-array "2 - 3"

"internmap@1 - 2":
  version "2.0.3"
  resolved "https://registry.yarnpkg.com/internmap/-/internmap-2.0.3.tgz#6685f23755e43c524e251d29cbc97248e3061009"
  integrity sha512-5Hh7Y1wQbvY5ooGgPbDaL5iYLAPzMTUrjMulskHLH6wnv/A+1q5rgEaiuqEjB+oxGXIVZs1FF+R/KPN3ZSQYYg==
